<?xml version="1.0" encoding="UTF-8" standalone="yes" ?>
<CodeBlocks_project_file>
	<FileVersion major="1" minor="6" />
	<Project>
		<Option title="blackjack" />
		<Option pch_mode="2" />
		<Option compiler="gcc" />
		<Build>
			<Target title="Release">
				<Option output="bin/Release/blackjack" prefix_auto="1" extension_auto="1" />
				<Option object_output="obj/Release/" />
				<Option type="0" />
				<Option compiler="gcc" />
				<Option projectLinkerOptionsRelation="2" />
				<Compiler>
					<Add option="-O2" />
					<Add directory="$(#wx)/lib/gcc_lib/mswu" />
				</Compiler>
				<ResourceCompiler>
					<Add directory="$(#wx)/lib/gcc_lib/mswu" />
				</ResourceCompiler>
				<Linker>
					<Add option="-s" />
					<Add library="libwxmsw32u.a" />
					<Add library="libwxpng.a" />
					<Add library="libwxjpeg.a" />
					<Add library="libwxtiff.a" />
					<Add library="libwxzlib.a" />
					<Add library="libwxregexu.a" />
					<Add library="libwxscintilla.a" />
					<Add library="libwxexpat.a" />
					<Add directory="$(#wx)/lib/gcc_lib" />
				</Linker>
			</Target>
		</Build>
		<Compiler>
			<Add option="-pipe" />
			<Add option="-mthreads" />
			<Add option="-D__GNUWIN32__" />
			<Add option="-D__WXMSW__" />
			<Add option="-DwxUSE_UNICODE" />
			<Add option="-Wall" />
			<Add directory="$(#wx)/include" />
		</Compiler>
		<ResourceCompiler>
			<Add directory="$(#wx)/include" />
		</ResourceCompiler>
		<Linker>
			<Add option="-mthreads" />
			<Add library="libkernel32.a" />
			<Add library="libuser32.a" />
			<Add library="libgdi32.a" />
			<Add library="libwinspool.a" />
			<Add library="libcomdlg32.a" />
			<Add library="libadvapi32.a" />
			<Add library="libshell32.a" />
			<Add library="libole32.a" />
			<Add library="liboleaut32.a" />
			<Add library="libuuid.a" />
			<Add library="libcomctl32.a" />
			<Add library="libwsock32.a" />
			<Add library="libshlwapi.a" />
			<Add library="libversion.a" />
			<Add library="liboleacc.a" />
			<Add library="libuxtheme.a" />
			<Add library="libimm32.a" />
		</Linker>
		<Unit filename="GraDialog.cpp" />
		<Unit filename="GraDialog.h" />
		<Unit filename="StawkaDialog.cpp" />
		<Unit filename="StawkaDialog.h" />
		<Unit filename="blackjackApp.cpp" />
		<Unit filename="blackjackApp.h" />
		<Unit filename="blackjackMain.cpp" />
		<Unit filename="blackjackMain.h" />
		<Unit filename="resource.rc">
			<Option compilerVar="WINDRES" />
		</Unit>
		<Unit filename="wxsmith/GraDialog.wxs" />
		<Unit filename="wxsmith/StawkaDialog.wxs" />
		<Unit filename="wxsmith/blackjackdialog.wxs" />
		<Extensions>
			<wxsmith version="1">
				<gui name="wxWidgets" src="blackjackApp.cpp" main="blackjackDialog" init_handlers="necessary" language="CPP" />
				<resources>
					<wxDialog wxs="wxsmith/blackjackdialog.wxs" src="blackjackMain.cpp" hdr="blackjackMain.h" fwddecl="0" i18n="1" name="blackjackDialog" language="CPP" />
					<wxDialog wxs="wxsmith/StawkaDialog.wxs" src="StawkaDialog.cpp" hdr="StawkaDialog.h" fwddecl="0" i18n="1" name="StawkaDialog" language="CPP" />
					<wxDialog wxs="wxsmith/GraDialog.wxs" src="GraDialog.cpp" hdr="GraDialog.h" fwddecl="0" i18n="1" name="GraDialog" language="CPP" />
				</resources>
			</wxsmith>
		</Extensions>
	</Project>
</CodeBlocks_project_file>
